{
  "name": "node-workspace",
  "version": "1.0.0",
  "lockfileVersion": 3,
  "requires": true,
  "packages": {
    "": {
      "name": "node-workspace",
      "version": "1.0.0",
      "license": "ISC",
      "workspaces": [
        "packages/*"
      ]
    },
    "node_modules/@node-workspace/reminder": {
      "resolved": "packages/reminder",
      "link": true
    },
    "node_modules/@node-workspace/utils": {
      "resolved": "packages/utils",
      "link": true
    },
    "packages/reminder": {
      "name": "@node-workspace/reminder",
      "version": "1.0.0",
      "license": "ISC",
      "dependencies": {
        "@node-workspace/utils": "*"
      },
      "devDependencies": {}
    },
    "packages/utils": {
      "name": "@node-workspace/utils",
      "version": "1.0.0",
      "license": "ISC"
    }
  }
}
