{
  "name": "node-workspace",
  "version": "1.0.0",
  "lockfileVersion": 3,
  "requires": true,
  "packages": {
    "": {
      "name": "node-workspace",
      "version": "1.0.0",
      "license": "ISC",
      "workspaces": [
        "packages/*"
      ],
      "devDependencies": {
        "typescript": "^5.2.2"
      }
    },
    "node_modules/@node-workspace/app": {
      "resolved": "packages/app",
      "link": true
    },
    "node_modules/@node-workspace/shared-lib": {
      "resolved": "packages/shared-lib",
      "link": true
    },
    "node_modules/typescript": {
      "version": "5.2.2",
      "resolved": "https://registry.npmjs.org/typescript/-/typescript-5.2.2.tgz",
      "integrity": "sha512-mI4WrpHsbCIcwT9cF4FZvr80QUeKvsUsUvKDoR+X/7XHQH98xYD8YHZg7ANtz2GtZt/CBq2QJ0thkGJMHfqc1w==",
      "dev": true,
      "bin": {
        "tsc": "bin/tsc",
        "tsserver": "bin/tsserver"
      },
      "engines": {
        "node": ">=14.17"
      }
    },
    "packages/app": {
      "version": "1.0.0",
      "license": "ISC",
      "devDependencies": {
        "@node-workspace/shared-lib": "*"
      }
    },
    "packages/reminder": {
      "name": "@node-workspace/reminder",
      "version": "1.0.0",
      "extraneous": true,
      "license": "ISC",
      "dependencies": {
        "@node-workspace/utils": "*"
      },
      "devDependencies": {}
    },
    "packages/shared-lib": {
      "version": "1.0.0",
      "license": "ISC"
    },
    "packages/utils": {
      "name": "@node-workspace/utils",
      "version": "1.0.0",
      "extraneous": true,
      "license": "ISC"
    }
  }
}
